
Microsoft Visual Studio Solution File, Format Version 11.00
# Visual C++ Express 2010
Project("{8BC9CEB8-8B4A-11D0-8D11-00A0C91BC942}") = "motionTracking", "motionTracking\motionTracking.vcxproj", "{459397BB-8488-47FF-BC6B-BAB57CC4A2FB}"
EndProject
Global
	GlobalSection(SolutionConfigurationPlatforms) = preSolution
		Debug|Win32 = Debug|Win32
		Release|Win32 = Release|Win32
	EndGlobalSection
	GlobalSection(ProjectConfigurationPlatforms) = postSolution
		{459397BB-8488-47FF-BC6B-BAB57CC4A2FB}.Debug|Win32.ActiveCfg = Debug|Win32
		{459397BB-8488-47FF-BC6B-BAB57CC4A2FB}.Debug|Win32.Build.0 = Debug|Win32
		{459397BB-8488-47FF-BC6B-BAB57CC4A2FB}.Release|Win32.ActiveCfg = Release|Win32
		{459397BB-8488-47FF-BC6B-BAB57CC4A2FB}.Release|Win32.Build.0 = Release|Win32
	EndGlobalSection
	GlobalSection(SolutionProperties) = preSolution
		HideSolutionNode = FALSE
	EndGlobalSection
EndGlobal
